// !$*UTF8*$!
{
	archiveVersion = 1;
	classes = {
	};
	objectVersion = 46;
	objects = {

/* Begin PBXBuildFile section */
		F5B353751C9CE7DB0017A24B /* AppDelegate.swift in Sources */ = {isa = PBXBuildFile; fileRef = F5B353741C9CE7DB0017A24B /* AppDelegate.swift */; };
		F5B353771C9CE7DB0017A24B /* ViewController.swift in Sources */ = {isa = PBXBuildFile; fileRef = F5B353761C9CE7DB0017A24B /* ViewController.swift */; };
		F5B3537A1C9CE7DB0017A24B /* Main.storyboard in Resources */ = {isa = PBXBuildFile; fileRef = F5B353781C9CE7DB0017A24B /* Main.storyboard */; };
		F5B3537C1C9CE7DB0017A24B /* Assets.xcassets in Resources */ = {isa = PBXBuildFile; fileRef = F5B3537B1C9CE7DB0017A24B /* Assets.xcassets */; };
		F5B3537F1C9CE7DB0017A24B /* LaunchScreen.storyboard in Resources */ = {isa = PBXBuildFile; fileRef = F5B3537D1C9CE7DB0017A24B /* LaunchScreen.storyboard */; };
		F5B3538A1C9CE7DB0017A24B /* NurseTests.swift in Sources */ = {isa = PBXBuildFile; fileRef = F5B353891C9CE7DB0017A24B /* NurseTests.swift */; };
/* End PBXBuildFile section */

/* Begin PBXContainerItemProxy section */
		F5B353861C9CE7DB0017A24B /* PBXContainerItemProxy */ = {
			isa = PBXContainerItemProxy;
			containerPortal = F5B353691C9CE7DB0017A24B /* Project object */;
			proxyType = 1;
			remoteGlobalIDString = F5B353701C9CE7DB0017A24B;
			remoteInfo = Nurse;
		};
/* End PBXContainerItemProxy section */

/* Begin PBXFileReference section */
		F5B353711C9CE7DB0017A24B /* Nurse.app */ = {isa = PBXFileReference; explicitFileType = wrapper.application; includeInIndex = 0; path = Nurse.app; sourceTree = BUILT_PRODUCTS_DIR; };
		F5B353741C9CE7DB0017A24B /* AppDelegate.swift */ = {isa = PBXFileReference; lastKnownFileType = sourcecode.swift; path = AppDelegate.swift; sourceTree = "<group>"; };
		F5B353761C9CE7DB0017A24B /* ViewController.swift */ = {isa = PBXFileReference; lastKnownFileType = sourcecode.swift; path = ViewController.swift; sourceTree = "<group>"; };
		F5B353791C9CE7DB0017A24B /* Base */ = {isa = PBXFileReference; lastKnownFileType = file.storyboard; name = Base; path = Base.lproj/Main.storyboard; sourceTree = "<group>"; };
		F5B3537B1C9CE7DB0017A24B /* Assets.xcassets */ = {isa = PBXFileReference; lastKnownFileType = folder.assetcatalog; path = Assets.xcassets; sourceTree = "<group>"; };
		F5B3537E1C9CE7DB0017A24B /* Base */ = {isa = PBXFileReference; lastKnownFileType = file.storyboard; name = Base; path = Base.lproj/LaunchScreen.storyboard; sourceTree = "<group>"; };
		F5B353801C9CE7DB0017A24B /* Info.plist */ = {isa = PBXFileReference; lastKnownFileType = text.plist.xml; path = Info.plist; sourceTree = "<group>"; };
		F5B353851C9CE7DB0017A24B /* NurseTests.xctest */ = {isa = PBXFileReference; explicitFileType = wrapper.cfbundle; includeInIndex = 0; path = NurseTests.xctest; sourceTree = BUILT_PRODUCTS_DIR; };
		F5B353891C9CE7DB0017A24B /* NurseTests.swift */ = {isa = PBXFileReference; lastKnownFileType = sourcecode.swift; path = NurseTests.swift; sourceTree = "<group>"; };
		F5B3538B1C9CE7DB0017A24B /* Info.plist */ = {isa = PBXFileReference; lastKnownFileType = text.plist.xml; path = Info.plist; sourceTree = "<group>"; };
/* End PBXFileReference section */

/* Begin PBXFrameworksBuildPhase section */
		F5B3536E1C9CE7DB0017A24B /* Frameworks */ = {
			isa = PBXFrameworksBuildPhase;
			buildActionMask = 2147483647;
			files = (
			);
			runOnlyForDeploymentPostprocessing = 0;
		};
		F5B353821C9CE7DB0017A24B /* Frameworks */ = {
			isa = PBXFrameworksBuildPhase;
			buildActionMask = 2147483647;
			files = (
			);
			runOnlyForDeploymentPostprocessing = 0;
		};
/* End PBXFrameworksBuildPhase section */

/* Begin PBXGroup section */
		F5B353681C9CE7DB0017A24B = {
			isa = PBXGroup;
			children = (
				F5B353731C9CE7DB0017A24B /* Nurse */,
				F5B353881C9CE7DB0017A24B /* NurseTests */,
				F5B353721C9CE7DB0017A24B /* Products */,
			);
			sourceTree = "<group>";
		};
		F5B353721C9CE7DB0017A24B /* Products */ = {
			isa = PBXGroup;
			children = (
				F5B353711C9CE7DB0017A24B /* Nurse.app */,
				F5B353851C9CE7DB0017A24B /* NurseTests.xctest */,
			);
			name = Products;
			sourceTree = "<group>";
		};
		F5B353731C9CE7DB0017A24B /* Nurse */ = {
			isa = PBXGroup;
			children = (
				F5B353741C9CE7DB0017A24B /* AppDelegate.swift */,
				F5B353761C9CE7DB0017A24B /* ViewController.swift */,
				F5B353781C9CE7DB0017A24B /* Main.storyboard */,
				F5B3537B1C9CE7DB0017A24B /* Assets.xcassets */,
				F5B3537D1C9CE7DB0017A24B /* LaunchScreen.storyboard */,
				F5B353801C9CE7DB0017A24B /* Info.plist */,
			);
			path = Nurse;
			sourceTree = "<group>";
		};
		F5B353881C9CE7DB0017A24B /* NurseTests */ = {
			isa = PBXGroup;
			children = (
				F5B353891C9CE7DB0017A24B /* NurseTests.swift */,
				F5B3538B1C9CE7DB0017A24B /* Info.plist */,
			);
			path = NurseTests;
			sourceTree = "<group>";
		};
/* End PBXGroup section */

/* Begin PBXNativeTarget section */
		F5B353701C9CE7DB0017A24B /* Nurse */ = {
			isa = PBXNativeTarget;
			buildConfigurationList = F5B3538E1C9CE7DB0017A24B /* Build configuration list for PBXNativeTarget "Nurse" */;
			buildPhases = (
				F5B3536D1C9CE7DB0017A24B /* Sources */,
				F5B3536E1C9CE7DB0017A24B /* Frameworks */,
				F5B3536F1C9CE7DB0017A24B /* Resources */,
			);
			buildRules = (
			);
			dependencies = (
			);
			name = Nurse;
			productName = Nurse;
			productReference = F5B353711C9CE7DB0017A24B /* Nurse.app */;
			productType = "com.apple.product-type.application";
		};
		F5B353841C9CE7DB0017A24B /* NurseTests */ = {
			isa = PBXNativeTarget;
			buildConfigurationList = F5B353911C9CE7DB0017A24B /* Build configuration list for PBXNativeTarget "NurseTests" */;
			buildPhases = (
				F5B353811C9CE7DB0017A24B /* Sources */,
				F5B353821C9CE7DB0017A24B /* Frameworks */,
				F5B353831C9CE7DB0017A24B /* Resources */,
			);
			buildRules = (
			);
			dependencies = (
				F5B353871C9CE7DB0017A24B /* PBXTargetDependency */,
			);
			name = NurseTests;
			productName = NurseTests;
			productReference = F5B353851C9CE7DB0017A24B /* NurseTests.xctest */;
			productType = "com.apple.product-type.bundle.unit-test";
		};
/* End PBXNativeTarget section */

/* Begin PBXProject section */
		F5B353691C9CE7DB0017A24B /* Project object */ = {
			isa = PBXProject;
			attributes = {
				LastSwiftUpdateCheck = 0720;
				LastUpgradeCheck = 0720;
				ORGANIZATIONNAME = "Thai Tech";
				TargetAttributes = {
					F5B353701C9CE7DB0017A24B = {
						CreatedOnToolsVersion = 7.2.1;
					};
					F5B353841C9CE7DB0017A24B = {
						CreatedOnToolsVersion = 7.2.1;
						TestTargetID = F5B353701C9CE7DB0017A24B;
					};
				};
			};
			buildConfigurationList = F5B3536C1C9CE7DB0017A24B /* Build configuration list for PBXProject "Nurse" */;
			compatibilityVersion = "Xcode 3.2";
			developmentRegion = English;
			hasScannedForEncodings = 0;
			knownRegions = (
				en,
				Base,
			);
			mainGroup = F5B353681C9CE7DB0017A24B;
			productRefGroup = F5B353721C9CE7DB0017A24B /* Products */;
			projectDirPath = "";
			projectRoot = "";
			targets = (
				F5B353701C9CE7DB0017A24B /* Nurse */,
				F5B353841C9CE7DB0017A24B /* NurseTests */,
			);
		};
/* End PBXProject section */

/* Begin PBXResourcesBuildPhase section */
		F5B3536F1C9CE7DB0017A24B /* Resources */ = {
			isa = PBXResourcesBuildPhase;
			buildActionMask = 2147483647;
			files = (
				F5B3537F1C9CE7DB0017A24B /* LaunchScreen.storyboard in Resources */,
				F5B3537C1C9CE7DB0017A24B /* Assets.xcassets in Resources */,
				F5B3537A1C9CE7DB0017A24B /* Main.storyboard in Resources */,
			);
			runOnlyForDeploymentPostprocessing = 0;
		};
		F5B353831C9CE7DB0017A24B /* Resources */ = {
			isa = PBXResourcesBuildPhase;
			buildActionMask = 2147483647;
			files = (
			);
			runOnlyForDeploymentPostprocessing = 0;
		};
/* End PBXResourcesBuildPhase section */

/* Begin PBXSourcesBuildPhase section */
		F5B3536D1C9CE7DB0017A24B /* Sources */ = {
			isa = PBXSourcesBuildPhase;
			buildActionMask = 2147483647;
			files = (
				F5B353771C9CE7DB0017A24B /* ViewController.swift in Sources */,
				F5B353751C9CE7DB0017A24B /* AppDelegate.swift in Sources */,
			);
			runOnlyForDeploymentPostprocessing = 0;
		};
		F5B353811C9CE7DB0017A24B /* Sources */ = {
			isa = PBXSourcesBuildPhase;
			buildActionMask = 2147483647;
			files = (
				F5B3538A1C9CE7DB0017A24B /* NurseTests.swift in Sources */,
			);
			runOnlyForDeploymentPostprocessing = 0;
		};
/* End PBXSourcesBuildPhase section */

/* Begin PBXTargetDependency section */
		F5B353871C9CE7DB0017A24B /* PBXTargetDependency */ = {
			isa = PBXTargetDependency;
			target = F5B353701C9CE7DB0017A24B /* Nurse */;
			targetProxy = F5B353861C9CE7DB0017A24B /* PBXContainerItemProxy */;
		};
/* End PBXTargetDependency section */

/* Begin PBXVariantGroup section */
		F5B353781C9CE7DB0017A24B /* Main.storyboard */ = {
			isa = PBXVariantGroup;
			children = (
				F5B353791C9CE7DB0017A24B /* Base */,
			);
			name = Main.storyboard;
			sourceTree = "<group>";
		};
		F5B3537D1C9CE7DB0017A24B /* LaunchScreen.storyboard */ = {
			isa = PBXVariantGroup;
			children = (
				F5B3537E1C9CE7DB0017A24B /* Base */,
			);
			name = LaunchScreen.storyboard;
			sourceTree = "<group>";
		};
/* End PBXVariantGroup section */

/* Begin XCBuildConfiguration section */
		F5B3538C1C9CE7DB0017A24B /* Debug */ = {
			isa = XCBuildConfiguration;
			buildSettings = {
				ALWAYS_SEARCH_USER_PATHS = NO;
				CLANG_CXX_LANGUAGE_STANDARD = "gnu++0x";
				CLANG_CXX_LIBRARY = "libc++";
				CLANG_ENABLE_MODULES = YES;
				CLANG_ENABLE_OBJC_ARC = YES;
				CLANG_WARN_BOOL_CONVERSION = YES;
				CLANG_WARN_CONSTANT_CONVERSION = YES;
				CLANG_WARN_DIRECT_OBJC_ISA_USAGE = YES_ERROR;
				CLANG_WARN_EMPTY_BODY = YES;
				CLANG_WARN_ENUM_CONVERSION = YES;
				CLANG_WARN_INT_CONVERSION = YES;
				CLANG_WARN_OBJC_ROOT_CLASS = YES_ERROR;
				CLANG_WARN_UNREACHABLE_CODE = YES;
				CLANG_WARN__DUPLICATE_METHOD_MATCH = YES;
				"CODE_SIGN_IDENTITY[sdk=iphoneos*]" = "iPhone Developer";
				COPY_PHASE_STRIP = NO;
				DEBUG_INFORMATION_FORMAT = dwarf;
				ENABLE_STRICT_OBJC_MSGSEND = YES;
				ENABLE_TESTABILITY = YES;
				GCC_C_LANGUAGE_STANDARD = gnu99;
				GCC_DYNAMIC_NO_PIC = NO;
				GCC_NO_COMMON_BLOCKS = YES;
				GCC_OPTIMIZATION_LEVEL = 0;
				GCC_PREPROCESSOR_DEFINITIONS = (
					"DEBUG=1",
					"$(inherited)",
				);
				GCC_WARN_64_TO_32_BIT_CONVERSION = YES;
				GCC_WARN_ABOUT_RETURN_TYPE = YES_ERROR;
				GCC_WARN_UNDECLARED_SELECTOR = YES;
				GCC_WARN_UNINITIALIZED_AUTOS = YES_AGGRESSIVE;
				GCC_WARN_UNUSED_FUNCTION = YES;
				GCC_WARN_UNUSED_VARIABLE = YES;
				IPHONEOS_DEPLOYMENT_TARGET = 9.2;
				MTL_ENABLE_DEBUG_INFO = YES;
				ONLY_ACTIVE_ARCH = YES;
				SDKROOT = iphoneos;
				SWIFT_OPTIMIZATION_LEVEL = "-Onone";
				TARGETED_DEVICE_FAMILY = "1,2";
			};
			name = Debug;
		};
		F5B3538D1C9CE7DB0017A24B /* Release */ = {
			isa = XCBuildConfiguration;
			buildSettings = {
				ALWAYS_SEARCH_USER_PATHS = NO;
				CLANG_CXX_LANGUAGE_STANDARD = "gnu++0x";
				CLANG_CXX_LIBRARY = "libc++";
				CLANG_ENABLE_MODULES = YES;
				CLANG_ENABLE_OBJC_ARC = YES;
				CLANG_WARN_BOOL_CONVERSION = YES;
				CLANG_WARN_CONSTANT_CONVERSION = YES;
				CLANG_WARN_DIRECT_OBJC_ISA_USAGE = YES_ERROR;
				CLANG_WARN_EMPTY_BODY = YES;
				CLANG_WARN_ENUM_CONVERSION = YES;
				CLANG_WARN_INT_CONVERSION = YES;
				CLANG_WARN_OBJC_ROOT_CLASS = YES_ERROR;
				CLANG_WARN_UNREACHABLE_CODE = YES;
				CLANG_WARN__DUPLICATE_METHOD_MATCH = YES;
				"CODE_SIGN_IDENTITY[sdk=iphoneos*]" = "iPhone Developer";
				COPY_PHASE_STRIP = NO;
				DEBUG_INFORMATION_FORMAT = "dwarf-with-dsym";
				ENABLE_NS_ASSERTIONS = NO;
				ENABLE_STRICT_OBJC_MSGSEND = YES;
				GCC_C_LANGUAGE_STANDARD = gnu99;
				GCC_NO_COMMON_BLOCKS = YES;
				GCC_WARN_64_TO_32_BIT_CONVERSION = YES;
				GCC_WARN_ABOUT_RETURN_TYPE = YES_ERROR;
				GCC_WARN_UNDECLARED_SELECTOR = YES;
				GCC_WARN_UNINITIALIZED_AUTOS = YES_AGGRESSIVE;
				GCC_WARN_UNUSED_FUNCTION = YES;
				GCC_WARN_UNUSED_VARIABLE = YES;
				IPHONEOS_DEPLOYMENT_TARGET = 9.2;
				MTL_ENABLE_DEBUG_INFO = NO;
				SDKROOT = iphoneos;
				TARGETED_DEVICE_FAMILY = "1,2";
				VALIDATE_PRODUCT = YES;
			};
			name = Release;
		};
		F5B3538F1C9CE7DB0017A24B /* Debug */ = {
			isa = XCBuildConfiguration;
			buildSettings = {
				ASSETCATALOG_COMPILER_APPICON_NAME = AppIcon;
				INFOPLIST_FILE = Nurse/Info.plist;
				LD_RUNPATH_SEARCH_PATHS = "$(inherited) @executable_path/Frameworks";
				PRODUCT_BUNDLE_IDENTIFIER = Test.Nurse;
				PRODUCT_NAME = "$(TARGET_NAME)";
			};
			name = Debug;
		};
		F5B353901C9CE7DB0017A24B /* Release */ = {
			isa = XCBuildConfiguration;
			buildSettings = {
				ASSETCATALOG_COMPILER_APPICON_NAME = AppIcon;
				INFOPLIST_FILE = Nurse/Info.plist;
				LD_RUNPATH_SEARCH_PATHS = "$(inherited) @executable_path/Frameworks";
				PRODUCT_BUNDLE_IDENTIFIER = Test.Nurse;
				PRODUCT_NAME = "$(TARGET_NAME)";
			};
			name = Release;
		};
		F5B353921C9CE7DB0017A24B /* Debug */ = {
			isa = XCBuildConfiguration;
			buildSettings = {
				BUNDLE_LOADER = "$(TEST_HOST)";
				INFOPLIST_FILE = NurseTests/Info.plist;
				LD_RUNPATH_SEARCH_PATHS = "$(inherited) @executable_path/Frameworks @loader_path/Frameworks";
				PRODUCT_BUNDLE_IDENTIFIER = Test.NurseTests;
				PRODUCT_NAME = "$(TARGET_NAME)";
				TEST_HOST = "$(BUILT_PRODUCTS_DIR)/Nurse.app/Nurse";
			};
			name = Debug;
		};
		F5B353931C9CE7DB0017A24B /* Release */ = {
			isa = XCBuildConfiguration;
			buildSettings = {
				BUNDLE_LOADER = "$(TEST_HOST)";
				INFOPLIST_FILE = NurseTests/Info.plist;
				LD_RUNPATH_SEARCH_PATHS = "$(inherited) @executable_path/Frameworks @loader_path/Frameworks";
				PRODUCT_BUNDLE_IDENTIFIER = Test.NurseTests;
				PRODUCT_NAME = "$(TARGET_NAME)";
				TEST_HOST = "$(BUILT_PRODUCTS_DIR)/Nurse.app/Nurse";
			};
			name = Release;
		};
/* End XCBuildConfiguration section */

/* Begin XCConfigurationList section */
		F5B3536C1C9CE7DB0017A24B /* Build configuration list for PBXProject "Nurse" */ = {
			isa = XCConfigurationList;
			buildConfigurations = (
				F5B3538C1C9CE7DB0017A24B /* Debug */,
				F5B3538D1C9CE7DB0017A24B /* Release */,
			);
			defaultConfigurationIsVisible = 0;
			defaultConfigurationName = Release;
		};
		F5B3538E1C9CE7DB0017A24B /* Build configuration list for PBXNativeTarget "Nurse" */ = {
			isa = XCConfigurationList;
			buildConfigurations = (
				F5B3538F1C9CE7DB0017A24B /* Debug */,
				F5B353901C9CE7DB0017A24B /* Release */,
			);
			defaultConfigurationIsVisible = 0;
		};
		F5B353911C9CE7DB0017A24B /* Build configuration list for PBXNativeTarget "NurseTests" */ = {
			isa = XCConfigurationList;
			buildConfigurations = (
				F5B353921C9CE7DB0017A24B /* Debug */,
				F5B353931C9CE7DB0017A24B /* Release */,
			);
			defaultConfigurationIsVisible = 0;
		};
/* End XCConfigurationList section */
	};
	rootObject = F5B353691C9CE7DB0017A24B /* Project object */;
}
